
Microsoft Visual Studio Solution File, Format Version 12.00
# Visual Studio 15
VisualStudioVersion = 15.0.27703.2042
MinimumVisualStudioVersion = 10.0.40219.1
Project("{FAE04EC0-301F-11D3-BF4B-00C04F79EFBC}") = "Test190demo", "Test190demo\Test190demo.csproj", "{5D8BC2FC-6F96-46F4-8C5B-C0E297F10A26}"
EndProject
Project("{FAE04EC0-301F-11D3-BF4B-00C04F79EFBC}") = "DAL", "DAL\DAL.csproj", "{F9569F76-1962-4209-8222-3F72F85ACB52}"
EndProject
Project("{FAE04EC0-301F-11D3-BF4B-00C04F79EFBC}") = "IDAL", "IDAL\IDAL.csproj", "{B96C321E-8E14-4067-AD94-983BF6B9A97D}"
EndProject
Project("{FAE04EC0-301F-11D3-BF4B-00C04F79EFBC}") = "EntityModel", "EntityModel\EntityModel.csproj", "{3CA40584-79C1-4235-B547-74EEDB768B10}"
EndProject
Project("{FAE04EC0-301F-11D3-BF4B-00C04F79EFBC}") = "BLL", "BLL\BLL.csproj", "{1A67931C-C60A-43B7-8838-5E444E47DB97}"
EndProject
Project("{FAE04EC0-301F-11D3-BF4B-00C04F79EFBC}") = "IBLL", "IBLL\IBLL.csproj", "{DC69A4D3-147F-49D1-B147-6E00CEE96648}"
EndProject
Global
	GlobalSection(SolutionConfigurationPlatforms) = preSolution
		Debug|Any CPU = Debug|Any CPU
		Release|Any CPU = Release|Any CPU
	EndGlobalSection
	GlobalSection(ProjectConfigurationPlatforms) = postSolution
		{5D8BC2FC-6F96-46F4-8C5B-C0E297F10A26}.Debug|Any CPU.ActiveCfg = Debug|Any CPU
		{5D8BC2FC-6F96-46F4-8C5B-C0E297F10A26}.Debug|Any CPU.Build.0 = Debug|Any CPU
		{5D8BC2FC-6F96-46F4-8C5B-C0E297F10A26}.Release|Any CPU.ActiveCfg = Release|Any CPU
		{5D8BC2FC-6F96-46F4-8C5B-C0E297F10A26}.Release|Any CPU.Build.0 = Release|Any CPU
		{F9569F76-1962-4209-8222-3F72F85ACB52}.Debug|Any CPU.ActiveCfg = Debug|Any CPU
		{F9569F76-1962-4209-8222-3F72F85ACB52}.Debug|Any CPU.Build.0 = Debug|Any CPU
		{F9569F76-1962-4209-8222-3F72F85ACB52}.Release|Any CPU.ActiveCfg = Release|Any CPU
		{F9569F76-1962-4209-8222-3F72F85ACB52}.Release|Any CPU.Build.0 = Release|Any CPU
		{B96C321E-8E14-4067-AD94-983BF6B9A97D}.Debug|Any CPU.ActiveCfg = Debug|Any CPU
		{B96C321E-8E14-4067-AD94-983BF6B9A97D}.Debug|Any CPU.Build.0 = Debug|Any CPU
		{B96C321E-8E14-4067-AD94-983BF6B9A97D}.Release|Any CPU.ActiveCfg = Release|Any CPU
		{B96C321E-8E14-4067-AD94-983BF6B9A97D}.Release|Any CPU.Build.0 = Release|Any CPU
		{3CA40584-79C1-4235-B547-74EEDB768B10}.Debug|Any CPU.ActiveCfg = Debug|Any CPU
		{3CA40584-79C1-4235-B547-74EEDB768B10}.Debug|Any CPU.Build.0 = Debug|Any CPU
		{3CA40584-79C1-4235-B547-74EEDB768B10}.Release|Any CPU.ActiveCfg = Release|Any CPU
		{3CA40584-79C1-4235-B547-74EEDB768B10}.Release|Any CPU.Build.0 = Release|Any CPU
		{1A67931C-C60A-43B7-8838-5E444E47DB97}.Debug|Any CPU.ActiveCfg = Debug|Any CPU
		{1A67931C-C60A-43B7-8838-5E444E47DB97}.Debug|Any CPU.Build.0 = Debug|Any CPU
		{1A67931C-C60A-43B7-8838-5E444E47DB97}.Release|Any CPU.ActiveCfg = Release|Any CPU
		{1A67931C-C60A-43B7-8838-5E444E47DB97}.Release|Any CPU.Build.0 = Release|Any CPU
		{DC69A4D3-147F-49D1-B147-6E00CEE96648}.Debug|Any CPU.ActiveCfg = Debug|Any CPU
		{DC69A4D3-147F-49D1-B147-6E00CEE96648}.Debug|Any CPU.Build.0 = Debug|Any CPU
		{DC69A4D3-147F-49D1-B147-6E00CEE96648}.Release|Any CPU.ActiveCfg = Release|Any CPU
		{DC69A4D3-147F-49D1-B147-6E00CEE96648}.Release|Any CPU.Build.0 = Release|Any CPU
	EndGlobalSection
	GlobalSection(SolutionProperties) = preSolution
		HideSolutionNode = FALSE
	EndGlobalSection
	GlobalSection(ExtensibilityGlobals) = postSolution
		SolutionGuid = {8710F9BB-F23E-41FC-AE98-0D904BC82C7E}
	EndGlobalSection
EndGlobal
